
Microsoft Visual Studio Solution File, Format Version 12.00
# Visual Studio Version 17
VisualStudioVersion = 17.14.36327.8 d17.14
MinimumVisualStudioVersion = 10.0.40219.1
Project("{FAE04EC0-301F-11D3-BF4B-00C04F79EFBC}") = "safe-travels", "safe-travels.csproj", "{E8DFCA44-58E8-4C24-9E68-B823F340E896}"
EndProject
Global
	GlobalSection(SolutionConfigurationPlatforms) = preSolution
		Debug|Any CPU = Debug|Any CPU
		Release|Any CPU = Release|Any CPU
	EndGlobalSection
	GlobalSection(ProjectConfigurationPlatforms) = postSolution
		{E8DFCA44-58E8-4C24-9E68-B823F340E896}.Debug|Any CPU.ActiveCfg = Debug|Any CPU
		{E8DFCA44-58E8-4C24-9E68-B823F340E896}.Debug|Any CPU.Build.0 = Debug|Any CPU
		{E8DFCA44-58E8-4C24-9E68-B823F340E896}.Release|Any CPU.ActiveCfg = Release|Any CPU
		{E8DFCA44-58E8-4C24-9E68-B823F340E896}.Release|Any CPU.Build.0 = Release|Any CPU
	EndGlobalSection
	GlobalSection(SolutionProperties) = preSolution
		HideSolutionNode = FALSE
	EndGlobalSection
	GlobalSection(ExtensibilityGlobals) = postSolution
		SolutionGuid = {D4840F8D-BC9A-4780-8B75-BB96E3190C01}
	EndGlobalSection
EndGlobal
